// !$*UTF8*$!
{
	archiveVersion = 1;
	classes = {
	};
	objectVersion = 50;
	objects = {

/* Begin PBXBuildFile section */
		016C939E269CF08100992C76 /* AppDelegate.swift in Sources */ = {isa = PBXBuildFile; fileRef = 016C939D269CF08100992C76 /* AppDelegate.swift */; };
		016C93A0269CF08100992C76 /* SceneDelegate.swift in Sources */ = {isa = PBXBuildFile; fileRef = 016C939F269CF08100992C76 /* SceneDelegate.swift */; };
		016C93A2269CF08100992C76 /* ViewController.swift in Sources */ = {isa = PBXBuildFile; fileRef = 016C93A1269CF08100992C76 /* ViewController.swift */; };
		016C93A5269CF08100992C76 /* Main.storyboard in Resources */ = {isa = PBXBuildFile; fileRef = 016C93A3269CF08100992C76 /* Main.storyboard */; };
		016C93A7269CF08B00992C76 /* Assets.xcassets in Resources */ = {isa = PBXBuildFile; fileRef = 016C93A6269CF08B00992C76 /* Assets.xcassets */; };
		016C93AA269CF08B00992C76 /* LaunchScreen.storyboard in Resources */ = {isa = PBXBuildFile; fileRef = 016C93A8269CF08B00992C76 /* LaunchScreen.storyboard */; };
		016C93B5269CF08B00992C76 /* Project10Tests.swift in Sources */ = {isa = PBXBuildFile; fileRef = 016C93B4269CF08B00992C76 /* Project10Tests.swift */; };
		016C93C0269CF08C00992C76 /* Project10UITests.swift in Sources */ = {isa = PBXBuildFile; fileRef = 016C93BF269CF08C00992C76 /* Project10UITests.swift */; };
		016C93CE269CF24E00992C76 /* PersonCell.swift in Sources */ = {isa = PBXBuildFile; fileRef = 016C93CD269CF24E00992C76 /* PersonCell.swift */; };
		016C93D0269E348B00992C76 /* Person.swift in Sources */ = {isa = PBXBuildFile; fileRef = 016C93CF269E348A00992C76 /* Person.swift */; };
/* End PBXBuildFile section */

/* Begin PBXContainerItemProxy section */
		016C93B1269CF08B00992C76 /* PBXContainerItemProxy */ = {
			isa = PBXContainerItemProxy;
			containerPortal = 016C9392269CF08100992C76 /* Project object */;
			proxyType = 1;
			remoteGlobalIDString = 016C9399269CF08100992C76;
			remoteInfo = Project10;
		};
		016C93BC269CF08C00992C76 /* PBXContainerItemProxy */ = {
			isa = PBXContainerItemProxy;
			containerPortal = 016C9392269CF08100992C76 /* Project object */;
			proxyType = 1;
			remoteGlobalIDString = 016C9399269CF08100992C76;
			remoteInfo = Project10;
		};
/* End PBXContainerItemProxy section */

/* Begin PBXFileReference section */
		016C939A269CF08100992C76 /* Project10.app */ = {isa = PBXFileReference; explicitFileType = wrapper.application; includeInIndex = 0; path = Project10.app; sourceTree = BUILT_PRODUCTS_DIR; };
		016C939D269CF08100992C76 /* AppDelegate.swift */ = {isa = PBXFileReference; lastKnownFileType = sourcecode.swift; path = AppDelegate.swift; sourceTree = "<group>"; };
		016C939F269CF08100992C76 /* SceneDelegate.swift */ = {isa = PBXFileReference; lastKnownFileType = sourcecode.swift; path = SceneDelegate.swift; sourceTree = "<group>"; };
		016C93A1269CF08100992C76 /* ViewController.swift */ = {isa = PBXFileReference; lastKnownFileType = sourcecode.swift; path = ViewController.swift; sourceTree = "<group>"; };
		016C93A4269CF08100992C76 /* Base */ = {isa = PBXFileReference; lastKnownFileType = file.storyboard; name = Base; path = Base.lproj/Main.storyboard; sourceTree = "<group>"; };
		016C93A6269CF08B00992C76 /* Assets.xcassets */ = {isa = PBXFileReference; lastKnownFileType = folder.assetcatalog; path = Assets.xcassets; sourceTree = "<group>"; };
		016C93A9269CF08B00992C76 /* Base */ = {isa = PBXFileReference; lastKnownFileType = file.storyboard; name = Base; path = Base.lproj/LaunchScreen.storyboard; sourceTree = "<group>"; };
		016C93AB269CF08B00992C76 /* Info.plist */ = {isa = PBXFileReference; lastKnownFileType = text.plist.xml; path = Info.plist; sourceTree = "<group>"; };
		016C93B0269CF08B00992C76 /* Project10Tests.xctest */ = {isa = PBXFileReference; explicitFileType = wrapper.cfbundle; includeInIndex = 0; path = Project10Tests.xctest; sourceTree = BUILT_PRODUCTS_DIR; };
		016C93B4269CF08B00992C76 /* Project10Tests.swift */ = {isa = PBXFileReference; lastKnownFileType = sourcecode.swift; path = Project10Tests.swift; sourceTree = "<group>"; };
		016C93B6269CF08B00992C76 /* Info.plist */ = {isa = PBXFileReference; lastKnownFileType = text.plist.xml; path = Info.plist; sourceTree = "<group>"; };
		016C93BB269CF08C00992C76 /* Project10UITests.xctest */ = {isa = PBXFileReference; explicitFileType = wrapper.cfbundle; includeInIndex = 0; path = Project10UITests.xctest; sourceTree = BUILT_PRODUCTS_DIR; };
		016C93BF269CF08C00992C76 /* Project10UITests.swift */ = {isa = PBXFileReference; lastKnownFileType = sourcecode.swift; path = Project10UITests.swift; sourceTree = "<group>"; };
		016C93C1269CF08C00992C76 /* Info.plist */ = {isa = PBXFileReference; lastKnownFileType = text.plist.xml; path = Info.plist; sourceTree = "<group>"; };
		016C93CD269CF24E00992C76 /* PersonCell.swift */ = {isa = PBXFileReference; lastKnownFileType = sourcecode.swift; path = PersonCell.swift; sourceTree = "<group>"; };
		016C93CF269E348A00992C76 /* Person.swift */ = {isa = PBXFileReference; lastKnownFileType = sourcecode.swift; path = Person.swift; sourceTree = "<group>"; };
/* End PBXFileReference section */

/* Begin PBXFrameworksBuildPhase section */
		016C9397269CF08100992C76 /* Frameworks */ = {
			isa = PBXFrameworksBuildPhase;
			buildActionMask = 2147483647;
			files = (
			);
			runOnlyForDeploymentPostprocessing = 0;
		};
		016C93AD269CF08B00992C76 /* Frameworks */ = {
			isa = PBXFrameworksBuildPhase;
			buildActionMask = 2147483647;
			files = (
			);
			runOnlyForDeploymentPostprocessing = 0;
		};
		016C93B8269CF08C00992C76 /* Frameworks */ = {
			isa = PBXFrameworksBuildPhase;
			buildActionMask = 2147483647;
			files = (
			);
			runOnlyForDeploymentPostprocessing = 0;
		};
/* End PBXFrameworksBuildPhase section */

/* Begin PBXGroup section */
		016C9391269CF08100992C76 = {
			isa = PBXGroup;
			children = (
				016C939C269CF08100992C76 /* Project10 */,
				016C93B3269CF08B00992C76 /* Project10Tests */,
				016C93BE269CF08C00992C76 /* Project10UITests */,
				016C939B269CF08100992C76 /* Products */,
			);
			sourceTree = "<group>";
		};
		016C939B269CF08100992C76 /* Products */ = {
			isa = PBXGroup;
			children = (
				016C939A269CF08100992C76 /* Project10.app */,
				016C93B0269CF08B00992C76 /* Project10Tests.xctest */,
				016C93BB269CF08C00992C76 /* Project10UITests.xctest */,
			);
			name = Products;
			sourceTree = "<group>";
		};
		016C939C269CF08100992C76 /* Project10 */ = {
			isa = PBXGroup;
			children = (
				016C939D269CF08100992C76 /* AppDelegate.swift */,
				016C939F269CF08100992C76 /* SceneDelegate.swift */,
				016C93A1269CF08100992C76 /* ViewController.swift */,
				016C93CF269E348A00992C76 /* Person.swift */,
				016C93A3269CF08100992C76 /* Main.storyboard */,
				016C93CD269CF24E00992C76 /* PersonCell.swift */,
				016C93A6269CF08B00992C76 /* Assets.xcassets */,
				016C93A8269CF08B00992C76 /* LaunchScreen.storyboard */,
				016C93AB269CF08B00992C76 /* Info.plist */,
			);
			path = Project10;
			sourceTree = "<group>";
		};
		016C93B3269CF08B00992C76 /* Project10Tests */ = {
			isa = PBXGroup;
			children = (
				016C93B4269CF08B00992C76 /* Project10Tests.swift */,
				016C93B6269CF08B00992C76 /* Info.plist */,
			);
			path = Project10Tests;
			sourceTree = "<group>";
		};
		016C93BE269CF08C00992C76 /* Project10UITests */ = {
			isa = PBXGroup;
			children = (
				016C93BF269CF08C00992C76 /* Project10UITests.swift */,
				016C93C1269CF08C00992C76 /* Info.plist */,
			);
			path = Project10UITests;
			sourceTree = "<group>";
		};
/* End PBXGroup section */

/* Begin PBXNativeTarget section */
		016C9399269CF08100992C76 /* Project10 */ = {
			isa = PBXNativeTarget;
			buildConfigurationList = 016C93C4269CF08C00992C76 /* Build configuration list for PBXNativeTarget "Project10" */;
			buildPhases = (
				016C9396269CF08100992C76 /* Sources */,
				016C9397269CF08100992C76 /* Frameworks */,
				016C9398269CF08100992C76 /* Resources */,
			);
			buildRules = (
			);
			dependencies = (
			);
			name = Project10;
			productName = Project10;
			productReference = 016C939A269CF08100992C76 /* Project10.app */;
			productType = "com.apple.product-type.application";
		};
		016C93AF269CF08B00992C76 /* Project10Tests */ = {
			isa = PBXNativeTarget;
			buildConfigurationList = 016C93C7269CF08C00992C76 /* Build configuration list for PBXNativeTarget "Project10Tests" */;
			buildPhases = (
				016C93AC269CF08B00992C76 /* Sources */,
				016C93AD269CF08B00992C76 /* Frameworks */,
				016C93AE269CF08B00992C76 /* Resources */,
			);
			buildRules = (
			);
			dependencies = (
				016C93B2269CF08B00992C76 /* PBXTargetDependency */,
			);
			name = Project10Tests;
			productName = Project10Tests;
			productReference = 016C93B0269CF08B00992C76 /* Project10Tests.xctest */;
			productType = "com.apple.product-type.bundle.unit-test";
		};
		016C93BA269CF08C00992C76 /* Project10UITests */ = {
			isa = PBXNativeTarget;
			buildConfigurationList = 016C93CA269CF08C00992C76 /* Build configuration list for PBXNativeTarget "Project10UITests" */;
			buildPhases = (
				016C93B7269CF08C00992C76 /* Sources */,
				016C93B8269CF08C00992C76 /* Frameworks */,
				016C93B9269CF08C00992C76 /* Resources */,
			);
			buildRules = (
			);
			dependencies = (
				016C93BD269CF08C00992C76 /* PBXTargetDependency */,
			);
			name = Project10UITests;
			productName = Project10UITests;
			productReference = 016C93BB269CF08C00992C76 /* Project10UITests.xctest */;
			productType = "com.apple.product-type.bundle.ui-testing";
		};
/* End PBXNativeTarget section */

/* Begin PBXProject section */
		016C9392269CF08100992C76 /* Project object */ = {
			isa = PBXProject;
			attributes = {
				LastSwiftUpdateCheck = 1250;
				LastUpgradeCheck = 1250;
				TargetAttributes = {
					016C9399269CF08100992C76 = {
						CreatedOnToolsVersion = 12.5;
					};
					016C93AF269CF08B00992C76 = {
						CreatedOnToolsVersion = 12.5;
						TestTargetID = 016C9399269CF08100992C76;
					};
					016C93BA269CF08C00992C76 = {
						CreatedOnToolsVersion = 12.5;
						TestTargetID = 016C9399269CF08100992C76;
					};
				};
			};
			buildConfigurationList = 016C9395269CF08100992C76 /* Build configuration list for PBXProject "Project10" */;
			compatibilityVersion = "Xcode 9.3";
			developmentRegion = en;
			hasScannedForEncodings = 0;
			knownRegions = (
				en,
				Base,
			);
			mainGroup = 016C9391269CF08100992C76;
			productRefGroup = 016C939B269CF08100992C76 /* Products */;
			projectDirPath = "";
			projectRoot = "";
			targets = (
				016C9399269CF08100992C76 /* Project10 */,
				016C93AF269CF08B00992C76 /* Project10Tests */,
				016C93BA269CF08C00992C76 /* Project10UITests */,
			);
		};
/* End PBXProject section */

/* Begin PBXResourcesBuildPhase section */
		016C9398269CF08100992C76 /* Resources */ = {
			isa = PBXResourcesBuildPhase;
			buildActionMask = 2147483647;
			files = (
				016C93AA269CF08B00992C76 /* LaunchScreen.storyboard in Resources */,
				016C93A7269CF08B00992C76 /* Assets.xcassets in Resources */,
				016C93A5269CF08100992C76 /* Main.storyboard in Resources */,
			);
			runOnlyForDeploymentPostprocessing = 0;
		};
		016C93AE269CF08B00992C76 /* Resources */ = {
			isa = PBXResourcesBuildPhase;
			buildActionMask = 2147483647;
			files = (
			);
			runOnlyForDeploymentPostprocessing = 0;
		};
		016C93B9269CF08C00992C76 /* Resources */ = {
			isa = PBXResourcesBuildPhase;
			buildActionMask = 2147483647;
			files = (
			);
			runOnlyForDeploymentPostprocessing = 0;
		};
/* End PBXResourcesBuildPhase section */

/* Begin PBXSourcesBuildPhase section */
		016C9396269CF08100992C76 /* Sources */ = {
			isa = PBXSourcesBuildPhase;
			buildActionMask = 2147483647;
			files = (
				016C93D0269E348B00992C76 /* Person.swift in Sources */,
				016C93A2269CF08100992C76 /* ViewController.swift in Sources */,
				016C939E269CF08100992C76 /* AppDelegate.swift in Sources */,
				016C93CE269CF24E00992C76 /* PersonCell.swift in Sources */,
				016C93A0269CF08100992C76 /* SceneDelegate.swift in Sources */,
			);
			runOnlyForDeploymentPostprocessing = 0;
		};
		016C93AC269CF08B00992C76 /* Sources */ = {
			isa = PBXSourcesBuildPhase;
			buildActionMask = 2147483647;
			files = (
				016C93B5269CF08B00992C76 /* Project10Tests.swift in Sources */,
			);
			runOnlyForDeploymentPostprocessing = 0;
		};
		016C93B7269CF08C00992C76 /* Sources */ = {
			isa = PBXSourcesBuildPhase;
			buildActionMask = 2147483647;
			files = (
				016C93C0269CF08C00992C76 /* Project10UITests.swift in Sources */,
			);
			runOnlyForDeploymentPostprocessing = 0;
		};
/* End PBXSourcesBuildPhase section */

/* Begin PBXTargetDependency section */
		016C93B2269CF08B00992C76 /* PBXTargetDependency */ = {
			isa = PBXTargetDependency;
			target = 016C9399269CF08100992C76 /* Project10 */;
			targetProxy = 016C93B1269CF08B00992C76 /* PBXContainerItemProxy */;
		};
		016C93BD269CF08C00992C76 /* PBXTargetDependency */ = {
			isa = PBXTargetDependency;
			target = 016C9399269CF08100992C76 /* Project10 */;
			targetProxy = 016C93BC269CF08C00992C76 /* PBXContainerItemProxy */;
		};
/* End PBXTargetDependency section */

/* Begin PBXVariantGroup section */
		016C93A3269CF08100992C76 /* Main.storyboard */ = {
			isa = PBXVariantGroup;
			children = (
				016C93A4269CF08100992C76 /* Base */,
			);
			name = Main.storyboard;
			sourceTree = "<group>";
		};
		016C93A8269CF08B00992C76 /* LaunchScreen.storyboard */ = {
			isa = PBXVariantGroup;
			children = (
				016C93A9269CF08B00992C76 /* Base */,
			);
			name = LaunchScreen.storyboard;
			sourceTree = "<group>";
		};
/* End PBXVariantGroup section */

/* Begin XCBuildConfiguration section */
		016C93C2269CF08C00992C76 /* Debug */ = {
			isa = XCBuildConfiguration;
			buildSettings = {
				ALWAYS_SEARCH_USER_PATHS = NO;
				CLANG_ANALYZER_NONNULL = YES;
				CLANG_ANALYZER_NUMBER_OBJECT_CONVERSION = YES_AGGRESSIVE;
				CLANG_CXX_LANGUAGE_STANDARD = "gnu++14";
				CLANG_CXX_LIBRARY = "libc++";
				CLANG_ENABLE_MODULES = YES;
				CLANG_ENABLE_OBJC_ARC = YES;
				CLANG_ENABLE_OBJC_WEAK = YES;
				CLANG_WARN_BLOCK_CAPTURE_AUTORELEASING = YES;
				CLANG_WARN_BOOL_CONVERSION = YES;
				CLANG_WARN_COMMA = YES;
				CLANG_WARN_CONSTANT_CONVERSION = YES;
				CLANG_WARN_DEPRECATED_OBJC_IMPLEMENTATIONS = YES;
				CLANG_WARN_DIRECT_OBJC_ISA_USAGE = YES_ERROR;
				CLANG_WARN_DOCUMENTATION_COMMENTS = YES;
				CLANG_WARN_EMPTY_BODY = YES;
				CLANG_WARN_ENUM_CONVERSION = YES;
				CLANG_WARN_INFINITE_RECURSION = YES;
				CLANG_WARN_INT_CONVERSION = YES;
				CLANG_WARN_NON_LITERAL_NULL_CONVERSION = YES;
				CLANG_WARN_OBJC_IMPLICIT_RETAIN_SELF = YES;
				CLANG_WARN_OBJC_LITERAL_CONVERSION = YES;
				CLANG_WARN_OBJC_ROOT_CLASS = YES_ERROR;
				CLANG_WARN_QUOTED_INCLUDE_IN_FRAMEWORK_HEADER = YES;
				CLANG_WARN_RANGE_LOOP_ANALYSIS = YES;
				CLANG_WARN_STRICT_PROTOTYPES = YES;
				CLANG_WARN_SUSPICIOUS_MOVE = YES;
				CLANG_WARN_UNGUARDED_AVAILABILITY = YES_AGGRESSIVE;
				CLANG_WARN_UNREACHABLE_CODE = YES;
				CLANG_WARN__DUPLICATE_METHOD_MATCH = YES;
				COPY_PHASE_STRIP = NO;
				DEBUG_INFORMATION_FORMAT = dwarf;
				ENABLE_STRICT_OBJC_MSGSEND = YES;
				ENABLE_TESTABILITY = YES;
				GCC_C_LANGUAGE_STANDARD = gnu11;
				GCC_DYNAMIC_NO_PIC = NO;
				GCC_NO_COMMON_BLOCKS = YES;
				GCC_OPTIMIZATION_LEVEL = 0;
				GCC_PREPROCESSOR_DEFINITIONS = (
					"DEBUG=1",
					"$(inherited)",
				);
				GCC_WARN_64_TO_32_BIT_CONVERSION = YES;
				GCC_WARN_ABOUT_RETURN_TYPE = YES_ERROR;
				GCC_WARN_UNDECLARED_SELECTOR = YES;
				GCC_WARN_UNINITIALIZED_AUTOS = YES_AGGRESSIVE;
				GCC_WARN_UNUSED_FUNCTION = YES;
				GCC_WARN_UNUSED_VARIABLE = YES;
				IPHONEOS_DEPLOYMENT_TARGET = 14.5;
				MTL_ENABLE_DEBUG_INFO = INCLUDE_SOURCE;
				MTL_FAST_MATH = YES;
				ONLY_ACTIVE_ARCH = YES;
				SDKROOT = iphoneos;
				SWIFT_ACTIVE_COMPILATION_CONDITIONS = DEBUG;
				SWIFT_OPTIMIZATION_LEVEL = "-Onone";
			};
			name = Debug;
		};
		016C93C3269CF08C00992C76 /* Release */ = {
			isa = XCBuildConfiguration;
			buildSettings = {
				ALWAYS_SEARCH_USER_PATHS = NO;
				CLANG_ANALYZER_NONNULL = YES;
				CLANG_ANALYZER_NUMBER_OBJECT_CONVERSION = YES_AGGRESSIVE;
				CLANG_CXX_LANGUAGE_STANDARD = "gnu++14";
				CLANG_CXX_LIBRARY = "libc++";
				CLANG_ENABLE_MODULES = YES;
				CLANG_ENABLE_OBJC_ARC = YES;
				CLANG_ENABLE_OBJC_WEAK = YES;
				CLANG_WARN_BLOCK_CAPTURE_AUTORELEASING = YES;
				CLANG_WARN_BOOL_CONVERSION = YES;
				CLANG_WARN_COMMA = YES;
				CLANG_WARN_CONSTANT_CONVERSION = YES;
				CLANG_WARN_DEPRECATED_OBJC_IMPLEMENTATIONS = YES;
				CLANG_WARN_DIRECT_OBJC_ISA_USAGE = YES_ERROR;
				CLANG_WARN_DOCUMENTATION_COMMENTS = YES;
				CLANG_WARN_EMPTY_BODY = YES;
				CLANG_WARN_ENUM_CONVERSION = YES;
				CLANG_WARN_INFINITE_RECURSION = YES;
				CLANG_WARN_INT_CONVERSION = YES;
				CLANG_WARN_NON_LITERAL_NULL_CONVERSION = YES;
				CLANG_WARN_OBJC_IMPLICIT_RETAIN_SELF = YES;
				CLANG_WARN_OBJC_LITERAL_CONVERSION = YES;
				CLANG_WARN_OBJC_ROOT_CLASS = YES_ERROR;
				CLANG_WARN_QUOTED_INCLUDE_IN_FRAMEWORK_HEADER = YES;
				CLANG_WARN_RANGE_LOOP_ANALYSIS = YES;
				CLANG_WARN_STRICT_PROTOTYPES = YES;
				CLANG_WARN_SUSPICIOUS_MOVE = YES;
				CLANG_WARN_UNGUARDED_AVAILABILITY = YES_AGGRESSIVE;
				CLANG_WARN_UNREACHABLE_CODE = YES;
				CLANG_WARN__DUPLICATE_METHOD_MATCH = YES;
				COPY_PHASE_STRIP = NO;
				DEBUG_INFORMATION_FORMAT = "dwarf-with-dsym";
				ENABLE_NS_ASSERTIONS = NO;
				ENABLE_STRICT_OBJC_MSGSEND = YES;
				GCC_C_LANGUAGE_STANDARD = gnu11;
				GCC_NO_COMMON_BLOCKS = YES;
				GCC_WARN_64_TO_32_BIT_CONVERSION = YES;
				GCC_WARN_ABOUT_RETURN_TYPE = YES_ERROR;
				GCC_WARN_UNDECLARED_SELECTOR = YES;
				GCC_WARN_UNINITIALIZED_AUTOS = YES_AGGRESSIVE;
				GCC_WARN_UNUSED_FUNCTION = YES;
				GCC_WARN_UNUSED_VARIABLE = YES;
				IPHONEOS_DEPLOYMENT_TARGET = 14.5;
				MTL_ENABLE_DEBUG_INFO = NO;
				MTL_FAST_MATH = YES;
				SDKROOT = iphoneos;
				SWIFT_COMPILATION_MODE = wholemodule;
				SWIFT_OPTIMIZATION_LEVEL = "-O";
				VALIDATE_PRODUCT = YES;
			};
			name = Release;
		};
		016C93C5269CF08C00992C76 /* Debug */ = {
			isa = XCBuildConfiguration;
			buildSettings = {
				ASSETCATALOG_COMPILER_APPICON_NAME = AppIcon;
				ASSETCATALOG_COMPILER_GLOBAL_ACCENT_COLOR_NAME = AccentColor;
				CODE_SIGN_STYLE = Automatic;
				DEVELOPMENT_TEAM = 5T9B7NGEXH;
				INFOPLIST_FILE = Project10/Info.plist;
				LD_RUNPATH_SEARCH_PATHS = (
					"$(inherited)",
					"@executable_path/Frameworks",
				);
				PRODUCT_BUNDLE_IDENTIFIER = io.cumulativebits.Project10;
				PRODUCT_NAME = "$(TARGET_NAME)";
				SWIFT_VERSION = 5.0;
				TARGETED_DEVICE_FAMILY = "1,2";
			};
			name = Debug;
		};
		016C93C6269CF08C00992C76 /* Release */ = {
			isa = XCBuildConfiguration;
			buildSettings = {
				ASSETCATALOG_COMPILER_APPICON_NAME = AppIcon;
				ASSETCATALOG_COMPILER_GLOBAL_ACCENT_COLOR_NAME = AccentColor;
				CODE_SIGN_STYLE = Automatic;
				DEVELOPMENT_TEAM = 5T9B7NGEXH;
				INFOPLIST_FILE = Project10/Info.plist;
				LD_RUNPATH_SEARCH_PATHS = (
					"$(inherited)",
					"@executable_path/Frameworks",
				);
				PRODUCT_BUNDLE_IDENTIFIER = io.cumulativebits.Project10;
				PRODUCT_NAME = "$(TARGET_NAME)";
				SWIFT_VERSION = 5.0;
				TARGETED_DEVICE_FAMILY = "1,2";
			};
			name = Release;
		};
		016C93C8269CF08C00992C76 /* Debug */ = {
			isa = XCBuildConfiguration;
			buildSettings = {
				ALWAYS_EMBED_SWIFT_STANDARD_LIBRARIES = YES;
				BUNDLE_LOADER = "$(TEST_HOST)";
				CODE_SIGN_STYLE = Automatic;
				DEVELOPMENT_TEAM = 5T9B7NGEXH;
				INFOPLIST_FILE = Project10Tests/Info.plist;
				IPHONEOS_DEPLOYMENT_TARGET = 14.5;
				LD_RUNPATH_SEARCH_PATHS = (
					"$(inherited)",
					"@executable_path/Frameworks",
					"@loader_path/Frameworks",
				);
				PRODUCT_BUNDLE_IDENTIFIER = io.cumulativebits.Project10Tests;
				PRODUCT_NAME = "$(TARGET_NAME)";
				SWIFT_VERSION = 5.0;
				TARGETED_DEVICE_FAMILY = "1,2";
				TEST_HOST = "$(BUILT_PRODUCTS_DIR)/Project10.app/Project10";
			};
			name = Debug;
		};
		016C93C9269CF08C00992C76 /* Release */ = {
			isa = XCBuildConfiguration;
			buildSettings = {
				ALWAYS_EMBED_SWIFT_STANDARD_LIBRARIES = YES;
				BUNDLE_LOADER = "$(TEST_HOST)";
				CODE_SIGN_STYLE = Automatic;
				DEVELOPMENT_TEAM = 5T9B7NGEXH;
				INFOPLIST_FILE = Project10Tests/Info.plist;
				IPHONEOS_DEPLOYMENT_TARGET = 14.5;
				LD_RUNPATH_SEARCH_PATHS = (
					"$(inherited)",
					"@executable_path/Frameworks",
					"@loader_path/Frameworks",
				);
				PRODUCT_BUNDLE_IDENTIFIER = io.cumulativebits.Project10Tests;
				PRODUCT_NAME = "$(TARGET_NAME)";
				SWIFT_VERSION = 5.0;
				TARGETED_DEVICE_FAMILY = "1,2";
				TEST_HOST = "$(BUILT_PRODUCTS_DIR)/Project10.app/Project10";
			};
			name = Release;
		};
		016C93CB269CF08C00992C76 /* Debug */ = {
			isa = XCBuildConfiguration;
			buildSettings = {
				ALWAYS_EMBED_SWIFT_STANDARD_LIBRARIES = YES;
				CODE_SIGN_STYLE = Automatic;
				DEVELOPMENT_TEAM = 5T9B7NGEXH;
				INFOPLIST_FILE = Project10UITests/Info.plist;
				LD_RUNPATH_SEARCH_PATHS = (
					"$(inherited)",
					"@executable_path/Frameworks",
					"@loader_path/Frameworks",
				);
				PRODUCT_BUNDLE_IDENTIFIER = io.cumulativebits.Project10UITests;
				PRODUCT_NAME = "$(TARGET_NAME)";
				SWIFT_VERSION = 5.0;
				TARGETED_DEVICE_FAMILY = "1,2";
				TEST_TARGET_NAME = Project10;
			};
			name = Debug;
		};
		016C93CC269CF08C00992C76 /* Release */ = {
			isa = XCBuildConfiguration;
			buildSettings = {
				ALWAYS_EMBED_SWIFT_STANDARD_LIBRARIES = YES;
				CODE_SIGN_STYLE = Automatic;
				DEVELOPMENT_TEAM = 5T9B7NGEXH;
				INFOPLIST_FILE = Project10UITests/Info.plist;
				LD_RUNPATH_SEARCH_PATHS = (
					"$(inherited)",
					"@executable_path/Frameworks",
					"@loader_path/Frameworks",
				);
				PRODUCT_BUNDLE_IDENTIFIER = io.cumulativebits.Project10UITests;
				PRODUCT_NAME = "$(TARGET_NAME)";
				SWIFT_VERSION = 5.0;
				TARGETED_DEVICE_FAMILY = "1,2";
				TEST_TARGET_NAME = Project10;
			};
			name = Release;
		};
/* End XCBuildConfiguration section */

/* Begin XCConfigurationList section */
		016C9395269CF08100992C76 /* Build configuration list for PBXProject "Project10" */ = {
			isa = XCConfigurationList;
			buildConfigurations = (
				016C93C2269CF08C00992C76 /* Debug */,
				016C93C3269CF08C00992C76 /* Release */,
			);
			defaultConfigurationIsVisible = 0;
			defaultConfigurationName = Release;
		};
		016C93C4269CF08C00992C76 /* Build configuration list for PBXNativeTarget "Project10" */ = {
			isa = XCConfigurationList;
			buildConfigurations = (
				016C93C5269CF08C00992C76 /* Debug */,
				016C93C6269CF08C00992C76 /* Release */,
			);
			defaultConfigurationIsVisible = 0;
			defaultConfigurationName = Release;
		};
		016C93C7269CF08C00992C76 /* Build configuration list for PBXNativeTarget "Project10Tests" */ = {
			isa = XCConfigurationList;
			buildConfigurations = (
				016C93C8269CF08C00992C76 /* Debug */,
				016C93C9269CF08C00992C76 /* Release */,
			);
			defaultConfigurationIsVisible = 0;
			defaultConfigurationName = Release;
		};
		016C93CA269CF08C00992C76 /* Build configuration list for PBXNativeTarget "Project10UITests" */ = {
			isa = XCConfigurationList;
			buildConfigurations = (
				016C93CB269CF08C00992C76 /* Debug */,
				016C93CC269CF08C00992C76 /* Release */,
			);
			defaultConfigurationIsVisible = 0;
			defaultConfigurationName = Release;
		};
/* End XCConfigurationList section */
	};
	rootObject = 016C9392269CF08100992C76 /* Project object */;
}
